
Microsoft Visual Studio Solution File, Format Version 12.00
# Visual Studio for Mac
Project("{FAE04EC0-301F-11D3-BF4B-00C04F79EFBC}") = "MobileGameDesign", "Assembly-CSharp.csproj", "{14F99A8D-C75A-1ECC-EA71-E50B948E7D2A}"
EndProject
Project("{FAE04EC0-301F-11D3-BF4B-00C04F79EFBC}") = "MobileGameDesign", "Assembly-CSharp-firstpass.csproj", "{6D32A96C-C602-0A98-C5C7-A0EDBBD1A9A8}"
EndProject
Project("{FAE04EC0-301F-11D3-BF4B-00C04F79EFBC}") = "MobileGameDesign", "Assembly-CSharp-Editor-firstpass.csproj", "{44A5CB64-DB00-6603-C51E-7146F5F5A3AA}"
EndProject
Global
	GlobalSection(SolutionConfigurationPlatforms) = preSolution
		Debug|Any CPU = Debug|Any CPU
		Release|Any CPU = Release|Any CPU
	EndGlobalSection
	GlobalSection(ProjectConfigurationPlatforms) = postSolution
		{14F99A8D-C75A-1ECC-EA71-E50B948E7D2A}.Debug|Any CPU.ActiveCfg = Debug|Any CPU
		{14F99A8D-C75A-1ECC-EA71-E50B948E7D2A}.Debug|Any CPU.Build.0 = Debug|Any CPU
		{14F99A8D-C75A-1ECC-EA71-E50B948E7D2A}.Release|Any CPU.ActiveCfg = Release|Any CPU
		{14F99A8D-C75A-1ECC-EA71-E50B948E7D2A}.Release|Any CPU.Build.0 = Release|Any CPU
		{6D32A96C-C602-0A98-C5C7-A0EDBBD1A9A8}.Debug|Any CPU.ActiveCfg = Debug|Any CPU
		{6D32A96C-C602-0A98-C5C7-A0EDBBD1A9A8}.Debug|Any CPU.Build.0 = Debug|Any CPU
		{6D32A96C-C602-0A98-C5C7-A0EDBBD1A9A8}.Release|Any CPU.ActiveCfg = Release|Any CPU
		{6D32A96C-C602-0A98-C5C7-A0EDBBD1A9A8}.Release|Any CPU.Build.0 = Release|Any CPU
		{44A5CB64-DB00-6603-C51E-7146F5F5A3AA}.Debug|Any CPU.ActiveCfg = Debug|Any CPU
		{44A5CB64-DB00-6603-C51E-7146F5F5A3AA}.Debug|Any CPU.Build.0 = Debug|Any CPU
		{44A5CB64-DB00-6603-C51E-7146F5F5A3AA}.Release|Any CPU.ActiveCfg = Release|Any CPU
		{44A5CB64-DB00-6603-C51E-7146F5F5A3AA}.Release|Any CPU.Build.0 = Release|Any CPU
	EndGlobalSection
	GlobalSection(SolutionProperties) = preSolution
		HideSolutionNode = FALSE
	EndGlobalSection
EndGlobal
